
Microsoft Visual Studio Solution File, Format Version 12.00
# Visual Studio Version 17
VisualStudioVersion = 17.14.36511.14
MinimumVisualStudioVersion = 10.0.40219.1
Project("{FAE04EC0-301F-11D3-BF4B-00C04F79EFBC}") = "HospitalManagementSystem", "HospitalManagementSystem\HospitalManagementSystem.csproj", "{D33D4003-864D-4819-A237-A03FEA56E74B}"
EndProject
Project("{FAE04EC0-301F-11D3-BF4B-00C04F79EFBC}") = "HospitalManagementTests", "HospitalManagementTests\HospitalManagementTests.csproj", "{6B325BBA-6F87-0698-DE94-11CD981FC9ED}"
EndProject
Global
	GlobalSection(SolutionConfigurationPlatforms) = preSolution
		Debug|Any CPU = Debug|Any CPU
		Release|Any CPU = Release|Any CPU
	EndGlobalSection
	GlobalSection(ProjectConfigurationPlatforms) = postSolution
		{D33D4003-864D-4819-A237-A03FEA56E74B}.Debug|Any CPU.ActiveCfg = Debug|Any CPU
		{D33D4003-864D-4819-A237-A03FEA56E74B}.Debug|Any CPU.Build.0 = Debug|Any CPU
		{D33D4003-864D-4819-A237-A03FEA56E74B}.Release|Any CPU.ActiveCfg = Release|Any CPU
		{D33D4003-864D-4819-A237-A03FEA56E74B}.Release|Any CPU.Build.0 = Release|Any CPU
		{6B325BBA-6F87-0698-DE94-11CD981FC9ED}.Debug|Any CPU.ActiveCfg = Debug|Any CPU
		{6B325BBA-6F87-0698-DE94-11CD981FC9ED}.Debug|Any CPU.Build.0 = Debug|Any CPU
		{6B325BBA-6F87-0698-DE94-11CD981FC9ED}.Release|Any CPU.ActiveCfg = Release|Any CPU
		{6B325BBA-6F87-0698-DE94-11CD981FC9ED}.Release|Any CPU.Build.0 = Release|Any CPU
	EndGlobalSection
	GlobalSection(SolutionProperties) = preSolution
		HideSolutionNode = FALSE
	EndGlobalSection
	GlobalSection(ExtensibilityGlobals) = postSolution
		SolutionGuid = {F4B578B2-F4F4-4B99-84D0-CBD9C028A02A}
	EndGlobalSection
EndGlobal
